
Microsoft Visual Studio Solution File, Format Version 12.00
# Visual Studio 15
VisualStudioVersion = 15.0.28307.168
MinimumVisualStudioVersion = 10.0.40219.1
Project("{FAE04EC0-301F-11D3-BF4B-00C04F79EFBC}") = "victim", "victim\victim.csproj", "{14780558-FE44-47CB-8D60-FB62716D2C3B}"
EndProject
Global
	GlobalSection(SolutionConfigurationPlatforms) = preSolution
		Debug|Any CPU = Debug|Any CPU
		Release|Any CPU = Release|Any CPU
	EndGlobalSection
	GlobalSection(ProjectConfigurationPlatforms) = postSolution
		{14780558-FE44-47CB-8D60-FB62716D2C3B}.Debug|Any CPU.ActiveCfg = Debug|Any CPU
		{14780558-FE44-47CB-8D60-FB62716D2C3B}.Debug|Any CPU.Build.0 = Debug|Any CPU
		{14780558-FE44-47CB-8D60-FB62716D2C3B}.Release|Any CPU.ActiveCfg = Release|Any CPU
		{14780558-FE44-47CB-8D60-FB62716D2C3B}.Release|Any CPU.Build.0 = Release|Any CPU
	EndGlobalSection
	GlobalSection(SolutionProperties) = preSolution
		HideSolutionNode = FALSE
	EndGlobalSection
	GlobalSection(ExtensibilityGlobals) = postSolution
		SolutionGuid = {F1526495-0F29-4D0A-A3F5-9C41BCE87B47}
	EndGlobalSection
EndGlobal
